
Microsoft Visual Studio Solution File, Format Version 12.00
# Visual Studio Version 16
VisualStudioVersion = 16.0.30804.86
MinimumVisualStudioVersion = 10.0.40219.1
Project("{FAE04EC0-301F-11D3-BF4B-00C04F79EFBC}") = "DeviceInfo.Android", "DeviceInfo\DeviceInfo.Android\DeviceInfo.Android.csproj", "{92F96477-7A3D-4F54-9FC8-D027CADBEF25}"
EndProject
Project("{FAE04EC0-301F-11D3-BF4B-00C04F79EFBC}") = "DeviceInfo.iOS", "DeviceInfo\DeviceInfo.iOS\DeviceInfo.iOS.csproj", "{ECB19514-18CA-4A97-86A4-263FE418CBC6}"
EndProject
Project("{FAE04EC0-301F-11D3-BF4B-00C04F79EFBC}") = "DeviceInfo", "DeviceInfo\DeviceInfo\DeviceInfo.csproj", "{4EABFE7D-1DA0-4777-98E3-9C7865C27BE5}"
EndProject
Project("{FAE04EC0-301F-11D3-BF4B-00C04F79EFBC}") = "DeviceInfo.Mac", "DeviceInfo\DeviceInfo.Mac\DeviceInfo.Mac.csproj", "{1586685B-1EBA-4BB6-BBC5-057913700825}"
EndProject
Project("{FAE04EC0-301F-11D3-BF4B-00C04F79EFBC}") = "DeviceInfo.WPF", "DeviceInfo\DeviceInfo.WPF\DeviceInfo.WPF.csproj", "{9BA5EEA6-A8CB-4C03-8DC0-C9C7659C884D}"
EndProject
Global
	GlobalSection(SolutionConfigurationPlatforms) = preSolution
		Debug|Any CPU = Debug|Any CPU
		Debug|ARM = Debug|ARM
		Debug|iPhone = Debug|iPhone
		Debug|iPhoneSimulator = Debug|iPhoneSimulator
		Debug|x64 = Debug|x64
		Debug|x86 = Debug|x86
		Release|Any CPU = Release|Any CPU
		Release|ARM = Release|ARM
		Release|iPhone = Release|iPhone
		Release|iPhoneSimulator = Release|iPhoneSimulator
		Release|x64 = Release|x64
		Release|x86 = Release|x86
	EndGlobalSection
	GlobalSection(ProjectConfigurationPlatforms) = postSolution
		{92F96477-7A3D-4F54-9FC8-D027CADBEF25}.Debug|Any CPU.ActiveCfg = Debug|Any CPU
		{92F96477-7A3D-4F54-9FC8-D027CADBEF25}.Debug|Any CPU.Build.0 = Debug|Any CPU
		{92F96477-7A3D-4F54-9FC8-D027CADBEF25}.Debug|Any CPU.Deploy.0 = Debug|Any CPU
		{92F96477-7A3D-4F54-9FC8-D027CADBEF25}.Debug|ARM.ActiveCfg = Debug|Any CPU
		{92F96477-7A3D-4F54-9FC8-D027CADBEF25}.Debug|ARM.Build.0 = Debug|Any CPU
		{92F96477-7A3D-4F54-9FC8-D027CADBEF25}.Debug|ARM.Deploy.0 = Debug|Any CPU
		{92F96477-7A3D-4F54-9FC8-D027CADBEF25}.Debug|iPhone.ActiveCfg = Debug|Any CPU
		{92F96477-7A3D-4F54-9FC8-D027CADBEF25}.Debug|iPhone.Build.0 = Debug|Any CPU
		{92F96477-7A3D-4F54-9FC8-D027CADBEF25}.Debug|iPhone.Deploy.0 = Debug|Any CPU
		{92F96477-7A3D-4F54-9FC8-D027CADBEF25}.Debug|iPhoneSimulator.ActiveCfg = Debug|Any CPU
		{92F96477-7A3D-4F54-9FC8-D027CADBEF25}.Debug|iPhoneSimulator.Build.0 = Debug|Any CPU
		{92F96477-7A3D-4F54-9FC8-D027CADBEF25}.Debug|iPhoneSimulator.Deploy.0 = Debug|Any CPU
		{92F96477-7A3D-4F54-9FC8-D027CADBEF25}.Debug|x64.ActiveCfg = Debug|Any CPU
		{92F96477-7A3D-4F54-9FC8-D027CADBEF25}.Debug|x64.Build.0 = Debug|Any CPU
		{92F96477-7A3D-4F54-9FC8-D027CADBEF25}.Debug|x64.Deploy.0 = Debug|Any CPU
		{92F96477-7A3D-4F54-9FC8-D027CADBEF25}.Debug|x86.ActiveCfg = Debug|Any CPU
		{92F96477-7A3D-4F54-9FC8-D027CADBEF25}.Debug|x86.Build.0 = Debug|Any CPU
		{92F96477-7A3D-4F54-9FC8-D027CADBEF25}.Debug|x86.Deploy.0 = Debug|Any CPU
		{92F96477-7A3D-4F54-9FC8-D027CADBEF25}.Release|Any CPU.ActiveCfg = Release|Any CPU
		{92F96477-7A3D-4F54-9FC8-D027CADBEF25}.Release|Any CPU.Build.0 = Release|Any CPU
		{92F96477-7A3D-4F54-9FC8-D027CADBEF25}.Release|Any CPU.Deploy.0 = Release|Any CPU
		{92F96477-7A3D-4F54-9FC8-D027CADBEF25}.Release|ARM.ActiveCfg = Release|Any CPU
		{92F96477-7A3D-4F54-9FC8-D027CADBEF25}.Release|ARM.Build.0 = Release|Any CPU
		{92F96477-7A3D-4F54-9FC8-D027CADBEF25}.Release|ARM.Deploy.0 = Release|Any CPU
		{92F96477-7A3D-4F54-9FC8-D027CADBEF25}.Release|iPhone.ActiveCfg = Release|Any CPU
		{92F96477-7A3D-4F54-9FC8-D027CADBEF25}.Release|iPhone.Build.0 = Release|Any CPU
		{92F96477-7A3D-4F54-9FC8-D027CADBEF25}.Release|iPhone.Deploy.0 = Release|Any CPU
		{92F96477-7A3D-4F54-9FC8-D027CADBEF25}.Release|iPhoneSimulator.ActiveCfg = Release|Any CPU
		{92F96477-7A3D-4F54-9FC8-D027CADBEF25}.Release|iPhoneSimulator.Build.0 = Release|Any CPU
		{92F96477-7A3D-4F54-9FC8-D027CADBEF25}.Release|iPhoneSimulator.Deploy.0 = Release|Any CPU
		{92F96477-7A3D-4F54-9FC8-D027CADBEF25}.Release|x64.ActiveCfg = Release|Any CPU
		{92F96477-7A3D-4F54-9FC8-D027CADBEF25}.Release|x64.Build.0 = Release|Any CPU
		{92F96477-7A3D-4F54-9FC8-D027CADBEF25}.Release|x64.Deploy.0 = Release|Any CPU
		{92F96477-7A3D-4F54-9FC8-D027CADBEF25}.Release|x86.ActiveCfg = Release|Any CPU
		{92F96477-7A3D-4F54-9FC8-D027CADBEF25}.Release|x86.Build.0 = Release|Any CPU
		{92F96477-7A3D-4F54-9FC8-D027CADBEF25}.Release|x86.Deploy.0 = Release|Any CPU
		{ECB19514-18CA-4A97-86A4-263FE418CBC6}.Debug|Any CPU.ActiveCfg = Debug|iPhoneSimulator
		{ECB19514-18CA-4A97-86A4-263FE418CBC6}.Debug|Any CPU.Build.0 = Debug|iPhoneSimulator
		{ECB19514-18CA-4A97-86A4-263FE418CBC6}.Debug|Any CPU.Deploy.0 = Debug|iPhoneSimulator
		{ECB19514-18CA-4A97-86A4-263FE418CBC6}.Debug|ARM.ActiveCfg = Debug|iPhone
		{ECB19514-18CA-4A97-86A4-263FE418CBC6}.Debug|ARM.Build.0 = Debug|iPhone
		{ECB19514-18CA-4A97-86A4-263FE418CBC6}.Debug|ARM.Deploy.0 = Debug|iPhone
		{ECB19514-18CA-4A97-86A4-263FE418CBC6}.Debug|iPhone.ActiveCfg = Debug|iPhone
		{ECB19514-18CA-4A97-86A4-263FE418CBC6}.Debug|iPhone.Build.0 = Debug|iPhone
		{ECB19514-18CA-4A97-86A4-263FE418CBC6}.Debug|iPhone.Deploy.0 = Debug|iPhone
		{ECB19514-18CA-4A97-86A4-263FE418CBC6}.Debug|iPhoneSimulator.ActiveCfg = Debug|iPhoneSimulator
		{ECB19514-18CA-4A97-86A4-263FE418CBC6}.Debug|iPhoneSimulator.Build.0 = Debug|iPhoneSimulator
		{ECB19514-18CA-4A97-86A4-263FE418CBC6}.Debug|iPhoneSimulator.Deploy.0 = Debug|iPhoneSimulator
		{ECB19514-18CA-4A97-86A4-263FE418CBC6}.Debug|x64.ActiveCfg = Debug|iPhoneSimulator
		{ECB19514-18CA-4A97-86A4-263FE418CBC6}.Debug|x64.Build.0 = Debug|iPhoneSimulator
		{ECB19514-18CA-4A97-86A4-263FE418CBC6}.Debug|x64.Deploy.0 = Debug|iPhoneSimulator
		{ECB19514-18CA-4A97-86A4-263FE418CBC6}.Debug|x86.ActiveCfg = Debug|iPhoneSimulator
		{ECB19514-18CA-4A97-86A4-263FE418CBC6}.Debug|x86.Build.0 = Debug|iPhoneSimulator
		{ECB19514-18CA-4A97-86A4-263FE418CBC6}.Debug|x86.Deploy.0 = Debug|iPhoneSimulator
		{ECB19514-18CA-4A97-86A4-263FE418CBC6}.Release|Any CPU.ActiveCfg = Release|iPhoneSimulator
		{ECB19514-18CA-4A97-86A4-263FE418CBC6}.Release|Any CPU.Build.0 = Release|iPhoneSimulator
		{ECB19514-18CA-4A97-86A4-263FE418CBC6}.Release|Any CPU.Deploy.0 = Release|iPhoneSimulator
		{ECB19514-18CA-4A97-86A4-263FE418CBC6}.Release|ARM.ActiveCfg = Release|iPhoneSimulator
		{ECB19514-18CA-4A97-86A4-263FE418CBC6}.Release|ARM.Build.0 = Release|iPhoneSimulator
		{ECB19514-18CA-4A97-86A4-263FE418CBC6}.Release|ARM.Deploy.0 = Release|iPhoneSimulator
		{ECB19514-18CA-4A97-86A4-263FE418CBC6}.Release|iPhone.ActiveCfg = Release|iPhone
		{ECB19514-18CA-4A97-86A4-263FE418CBC6}.Release|iPhone.Build.0 = Release|iPhone
		{ECB19514-18CA-4A97-86A4-263FE418CBC6}.Release|iPhone.Deploy.0 = Release|iPhone
		{ECB19514-18CA-4A97-86A4-263FE418CBC6}.Release|iPhoneSimulator.ActiveCfg = Release|iPhoneSimulator
		{ECB19514-18CA-4A97-86A4-263FE418CBC6}.Release|iPhoneSimulator.Build.0 = Release|iPhoneSimulator
		{ECB19514-18CA-4A97-86A4-263FE418CBC6}.Release|iPhoneSimulator.Deploy.0 = Release|iPhoneSimulator
		{ECB19514-18CA-4A97-86A4-263FE418CBC6}.Release|x64.ActiveCfg = Release|iPhoneSimulator
		{ECB19514-18CA-4A97-86A4-263FE418CBC6}.Release|x64.Build.0 = Release|iPhoneSimulator
		{ECB19514-18CA-4A97-86A4-263FE418CBC6}.Release|x64.Deploy.0 = Release|iPhoneSimulator
		{ECB19514-18CA-4A97-86A4-263FE418CBC6}.Release|x86.ActiveCfg = Release|iPhoneSimulator
		{ECB19514-18CA-4A97-86A4-263FE418CBC6}.Release|x86.Build.0 = Release|iPhoneSimulator
		{ECB19514-18CA-4A97-86A4-263FE418CBC6}.Release|x86.Deploy.0 = Release|iPhoneSimulator
		{4EABFE7D-1DA0-4777-98E3-9C7865C27BE5}.Debug|Any CPU.ActiveCfg = Debug|Any CPU
		{4EABFE7D-1DA0-4777-98E3-9C7865C27BE5}.Debug|Any CPU.Build.0 = Debug|Any CPU
		{4EABFE7D-1DA0-4777-98E3-9C7865C27BE5}.Debug|Any CPU.Deploy.0 = Debug|Any CPU
		{4EABFE7D-1DA0-4777-98E3-9C7865C27BE5}.Debug|ARM.ActiveCfg = Debug|Any CPU
		{4EABFE7D-1DA0-4777-98E3-9C7865C27BE5}.Debug|ARM.Build.0 = Debug|Any CPU
		{4EABFE7D-1DA0-4777-98E3-9C7865C27BE5}.Debug|ARM.Deploy.0 = Debug|Any CPU
		{4EABFE7D-1DA0-4777-98E3-9C7865C27BE5}.Debug|iPhone.ActiveCfg = Debug|Any CPU
		{4EABFE7D-1DA0-4777-98E3-9C7865C27BE5}.Debug|iPhone.Build.0 = Debug|Any CPU
		{4EABFE7D-1DA0-4777-98E3-9C7865C27BE5}.Debug|iPhone.Deploy.0 = Debug|Any CPU
		{4EABFE7D-1DA0-4777-98E3-9C7865C27BE5}.Debug|iPhoneSimulator.ActiveCfg = Debug|Any CPU
		{4EABFE7D-1DA0-4777-98E3-9C7865C27BE5}.Debug|iPhoneSimulator.Build.0 = Debug|Any CPU
		{4EABFE7D-1DA0-4777-98E3-9C7865C27BE5}.Debug|iPhoneSimulator.Deploy.0 = Debug|Any CPU
		{4EABFE7D-1DA0-4777-98E3-9C7865C27BE5}.Debug|x64.ActiveCfg = Debug|Any CPU
		{4EABFE7D-1DA0-4777-98E3-9C7865C27BE5}.Debug|x64.Build.0 = Debug|Any CPU
		{4EABFE7D-1DA0-4777-98E3-9C7865C27BE5}.Debug|x64.Deploy.0 = Debug|Any CPU
		{4EABFE7D-1DA0-4777-98E3-9C7865C27BE5}.Debug|x86.ActiveCfg = Debug|Any CPU
		{4EABFE7D-1DA0-4777-98E3-9C7865C27BE5}.Debug|x86.Build.0 = Debug|Any CPU
		{4EABFE7D-1DA0-4777-98E3-9C7865C27BE5}.Debug|x86.Deploy.0 = Debug|Any CPU
		{4EABFE7D-1DA0-4777-98E3-9C7865C27BE5}.Release|Any CPU.ActiveCfg = Release|Any CPU
		{4EABFE7D-1DA0-4777-98E3-9C7865C27BE5}.Release|Any CPU.Build.0 = Release|Any CPU
		{4EABFE7D-1DA0-4777-98E3-9C7865C27BE5}.Release|Any CPU.Deploy.0 = Release|Any CPU
		{4EABFE7D-1DA0-4777-98E3-9C7865C27BE5}.Release|ARM.ActiveCfg = Release|Any CPU
		{4EABFE7D-1DA0-4777-98E3-9C7865C27BE5}.Release|ARM.Build.0 = Release|Any CPU
		{4EABFE7D-1DA0-4777-98E3-9C7865C27BE5}.Release|ARM.Deploy.0 = Release|Any CPU
		{4EABFE7D-1DA0-4777-98E3-9C7865C27BE5}.Release|iPhone.ActiveCfg = Release|Any CPU
		{4EABFE7D-1DA0-4777-98E3-9C7865C27BE5}.Release|iPhone.Build.0 = Release|Any CPU
		{4EABFE7D-1DA0-4777-98E3-9C7865C27BE5}.Release|iPhone.Deploy.0 = Release|Any CPU
		{4EABFE7D-1DA0-4777-98E3-9C7865C27BE5}.Release|iPhoneSimulator.ActiveCfg = Release|Any CPU
		{4EABFE7D-1DA0-4777-98E3-9C7865C27BE5}.Release|iPhoneSimulator.Build.0 = Release|Any CPU
		{4EABFE7D-1DA0-4777-98E3-9C7865C27BE5}.Release|iPhoneSimulator.Deploy.0 = Release|Any CPU
		{4EABFE7D-1DA0-4777-98E3-9C7865C27BE5}.Release|x64.ActiveCfg = Release|Any CPU
		{4EABFE7D-1DA0-4777-98E3-9C7865C27BE5}.Release|x64.Build.0 = Release|Any CPU
		{4EABFE7D-1DA0-4777-98E3-9C7865C27BE5}.Release|x64.Deploy.0 = Release|Any CPU
		{4EABFE7D-1DA0-4777-98E3-9C7865C27BE5}.Release|x86.ActiveCfg = Release|Any CPU
		{4EABFE7D-1DA0-4777-98E3-9C7865C27BE5}.Release|x86.Build.0 = Release|Any CPU
		{4EABFE7D-1DA0-4777-98E3-9C7865C27BE5}.Release|x86.Deploy.0 = Release|Any CPU
		{1586685B-1EBA-4BB6-BBC5-057913700825}.Debug|Any CPU.ActiveCfg = Debug|Any CPU
		{1586685B-1EBA-4BB6-BBC5-057913700825}.Debug|Any CPU.Build.0 = Debug|Any CPU
		{1586685B-1EBA-4BB6-BBC5-057913700825}.Debug|ARM.ActiveCfg = Debug|Any CPU
		{1586685B-1EBA-4BB6-BBC5-057913700825}.Debug|ARM.Build.0 = Debug|Any CPU
		{1586685B-1EBA-4BB6-BBC5-057913700825}.Debug|iPhone.ActiveCfg = Debug|Any CPU
		{1586685B-1EBA-4BB6-BBC5-057913700825}.Debug|iPhone.Build.0 = Debug|Any CPU
		{1586685B-1EBA-4BB6-BBC5-057913700825}.Debug|iPhoneSimulator.ActiveCfg = Debug|Any CPU
		{1586685B-1EBA-4BB6-BBC5-057913700825}.Debug|iPhoneSimulator.Build.0 = Debug|Any CPU
		{1586685B-1EBA-4BB6-BBC5-057913700825}.Debug|x64.ActiveCfg = Debug|Any CPU
		{1586685B-1EBA-4BB6-BBC5-057913700825}.Debug|x64.Build.0 = Debug|Any CPU
		{1586685B-1EBA-4BB6-BBC5-057913700825}.Debug|x86.ActiveCfg = Debug|Any CPU
		{1586685B-1EBA-4BB6-BBC5-057913700825}.Debug|x86.Build.0 = Debug|Any CPU
		{1586685B-1EBA-4BB6-BBC5-057913700825}.Release|Any CPU.ActiveCfg = Release|Any CPU
		{1586685B-1EBA-4BB6-BBC5-057913700825}.Release|Any CPU.Build.0 = Release|Any CPU
		{1586685B-1EBA-4BB6-BBC5-057913700825}.Release|ARM.ActiveCfg = Release|Any CPU
		{1586685B-1EBA-4BB6-BBC5-057913700825}.Release|ARM.Build.0 = Release|Any CPU
		{1586685B-1EBA-4BB6-BBC5-057913700825}.Release|iPhone.ActiveCfg = Release|Any CPU
		{1586685B-1EBA-4BB6-BBC5-057913700825}.Release|iPhone.Build.0 = Release|Any CPU
		{1586685B-1EBA-4BB6-BBC5-057913700825}.Release|iPhoneSimulator.ActiveCfg = Release|Any CPU
		{1586685B-1EBA-4BB6-BBC5-057913700825}.Release|iPhoneSimulator.Build.0 = Release|Any CPU
		{1586685B-1EBA-4BB6-BBC5-057913700825}.Release|x64.ActiveCfg = Release|Any CPU
		{1586685B-1EBA-4BB6-BBC5-057913700825}.Release|x64.Build.0 = Release|Any CPU
		{1586685B-1EBA-4BB6-BBC5-057913700825}.Release|x86.ActiveCfg = Release|Any CPU
		{1586685B-1EBA-4BB6-BBC5-057913700825}.Release|x86.Build.0 = Release|Any CPU
		{9BA5EEA6-A8CB-4C03-8DC0-C9C7659C884D}.Debug|Any CPU.ActiveCfg = Debug|Any CPU
		{9BA5EEA6-A8CB-4C03-8DC0-C9C7659C884D}.Debug|Any CPU.Build.0 = Debug|Any CPU
		{9BA5EEA6-A8CB-4C03-8DC0-C9C7659C884D}.Debug|ARM.ActiveCfg = Debug|Any CPU
		{9BA5EEA6-A8CB-4C03-8DC0-C9C7659C884D}.Debug|ARM.Build.0 = Debug|Any CPU
		{9BA5EEA6-A8CB-4C03-8DC0-C9C7659C884D}.Debug|iPhone.ActiveCfg = Debug|Any CPU
		{9BA5EEA6-A8CB-4C03-8DC0-C9C7659C884D}.Debug|iPhone.Build.0 = Debug|Any CPU
		{9BA5EEA6-A8CB-4C03-8DC0-C9C7659C884D}.Debug|iPhoneSimulator.ActiveCfg = Debug|Any CPU
		{9BA5EEA6-A8CB-4C03-8DC0-C9C7659C884D}.Debug|iPhoneSimulator.Build.0 = Debug|Any CPU
		{9BA5EEA6-A8CB-4C03-8DC0-C9C7659C884D}.Debug|x64.ActiveCfg = Debug|Any CPU
		{9BA5EEA6-A8CB-4C03-8DC0-C9C7659C884D}.Debug|x64.Build.0 = Debug|Any CPU
		{9BA5EEA6-A8CB-4C03-8DC0-C9C7659C884D}.Debug|x86.ActiveCfg = Debug|Any CPU
		{9BA5EEA6-A8CB-4C03-8DC0-C9C7659C884D}.Debug|x86.Build.0 = Debug|Any CPU
		{9BA5EEA6-A8CB-4C03-8DC0-C9C7659C884D}.Release|Any CPU.ActiveCfg = Release|Any CPU
		{9BA5EEA6-A8CB-4C03-8DC0-C9C7659C884D}.Release|Any CPU.Build.0 = Release|Any CPU
		{9BA5EEA6-A8CB-4C03-8DC0-C9C7659C884D}.Release|ARM.ActiveCfg = Release|Any CPU
		{9BA5EEA6-A8CB-4C03-8DC0-C9C7659C884D}.Release|ARM.Build.0 = Release|Any CPU
		{9BA5EEA6-A8CB-4C03-8DC0-C9C7659C884D}.Release|iPhone.ActiveCfg = Release|Any CPU
		{9BA5EEA6-A8CB-4C03-8DC0-C9C7659C884D}.Release|iPhone.Build.0 = Release|Any CPU
		{9BA5EEA6-A8CB-4C03-8DC0-C9C7659C884D}.Release|iPhoneSimulator.ActiveCfg = Release|Any CPU
		{9BA5EEA6-A8CB-4C03-8DC0-C9C7659C884D}.Release|iPhoneSimulator.Build.0 = Release|Any CPU
		{9BA5EEA6-A8CB-4C03-8DC0-C9C7659C884D}.Release|x64.ActiveCfg = Release|Any CPU
		{9BA5EEA6-A8CB-4C03-8DC0-C9C7659C884D}.Release|x64.Build.0 = Release|Any CPU
		{9BA5EEA6-A8CB-4C03-8DC0-C9C7659C884D}.Release|x86.ActiveCfg = Release|Any CPU
		{9BA5EEA6-A8CB-4C03-8DC0-C9C7659C884D}.Release|x86.Build.0 = Release|Any CPU
	EndGlobalSection
	GlobalSection(SolutionProperties) = preSolution
		HideSolutionNode = FALSE
	EndGlobalSection
	GlobalSection(ExtensibilityGlobals) = postSolution
		SolutionGuid = {CBA840FA-5C46-47CC-9DF6-49FA7FE4E332}
	EndGlobalSection
	GlobalSection(MonoDevelopProperties) = preSolution
		Policies = $0
		$0.DotNetNamingPolicy = $1
		$1.DirectoryNamespaceAssociation = PrefixedHierarchical
		version = 1.0
	EndGlobalSection
EndGlobal
